
Microsoft Visual Studio Solution File, Format Version 12.00
# Visual Studio Version 16
VisualStudioVersion = 16.0.32228.343
MinimumVisualStudioVersion = 10.0.40219.1
Project("{FAE04EC0-301F-11D3-BF4B-00C04F79EFBC}") = "Bank project", "Bank project\Bank project.csproj", "{31F0789A-A805-441F-8BEC-1957D75156C8}"
EndProject
Global
	GlobalSection(SolutionConfigurationPlatforms) = preSolution
		Debug|Any CPU = Debug|Any CPU
		Release|Any CPU = Release|Any CPU
	EndGlobalSection
	GlobalSection(ProjectConfigurationPlatforms) = postSolution
		{31F0789A-A805-441F-8BEC-1957D75156C8}.Debug|Any CPU.ActiveCfg = Debug|Any CPU
		{31F0789A-A805-441F-8BEC-1957D75156C8}.Debug|Any CPU.Build.0 = Debug|Any CPU
		{31F0789A-A805-441F-8BEC-1957D75156C8}.Release|Any CPU.ActiveCfg = Release|Any CPU
		{31F0789A-A805-441F-8BEC-1957D75156C8}.Release|Any CPU.Build.0 = Release|Any CPU
	EndGlobalSection
	GlobalSection(SolutionProperties) = preSolution
		HideSolutionNode = FALSE
	EndGlobalSection
	GlobalSection(ExtensibilityGlobals) = postSolution
		SolutionGuid = {146D1684-1AB1-4A4E-8270-CAB96C7F4038}
	EndGlobalSection
EndGlobal
